# AUTO-GENERATED: Do not modify
_lockFormatVersion = "0.1.0"

[project]
  name = "github.com/mdy/melody"
  version = "0.1.0"
  dependencies = [
    "github.com/BurntSushi/toml 0.3.0",
    "github.com/Sirupsen/logrus 1.0.2",
    "github.com/dustin/go-humanize 0.1.0-head.106+m259d2a102b871d17f30e3cd9881a642961a1e486",
    "github.com/gobwas/glob 0.2.2",
    "github.com/gonum/graph 0.1.0-head.681+m1ee3caba44244c8cf869cbec9a0079f8a1f2b1c0",
    "github.com/gonum/graph/simple 0.1.0-head.681+m1ee3caba44244c8cf869cbec9a0079f8a1f2b1c0",
    "github.com/influxdata/toml 0.1.0-head.49+m5d1d907f22ead1cd47adde17ceec5bda9cacaf8f",
    "github.com/pkg/errors 0.8.0",
    "github.com/satori/go.uuid 1.1.0",
    "github.com/urfave/cli 1.19.1",
    "golang.org/x/sync/errgroup 0.1.0-head.17+mf52d1811a62927559de87708c8913c1650ce4f26",
    "gopkg.in/check.v1 0.1.0-head.154+m20d25e2804050c1cd24a7eea1e7a6447dd0e74ec"
  ]

[[packages]]
  name = "github.com/BurntSushi/toml"
  version = "0.3.0"
  release = "github.com/BurntSushi/toml#b26d9c308763d68093482582cea63d69be07a0f0"

[[packages]]
  name = "github.com/Sirupsen/logrus"
  version = "1.0.2"
  release = "github.com/Sirupsen/logrus#a3f95b5c423586578a4e099b11a46c2479628cac"
  dependencies = [
    "golang.org/x/sys/unix 0.1.0-head.252+md8f5ea21b9295e315e612b4bcf4bedea93454d4d"
  ]

[[packages]]
  name = "github.com/dustin/go-humanize"
  version = "0.1.0-head.106+m259d2a102b871d17f30e3cd9881a642961a1e486"
  release = "github.com/dustin/go-humanize#259d2a102b871d17f30e3cd9881a642961a1e486"

[[packages]]
  name = "github.com/gobwas/glob"
  version = "0.2.2"
  release = "github.com/gobwas/glob#bea32b9cd2d6f55753d94a28e959b13f0244797a"
  dependencies = [
    "github.com/gobwas/glob/compiler 0.2.2",
    "github.com/gobwas/glob/syntax 0.2.2"
  ]

[[packages]]
  name = "github.com/gobwas/glob/compiler"
  version = "0.2.2"
  release = "github.com/gobwas/glob#bea32b9cd2d6f55753d94a28e959b13f0244797a"
  dependencies = [
    "github.com/gobwas/glob/match 0.2.2",
    "github.com/gobwas/glob/syntax/ast 0.2.2",
    "github.com/gobwas/glob/util/runes 0.2.2"
  ]

[[packages]]
  name = "github.com/gobwas/glob/match"
  version = "0.2.2"
  release = "github.com/gobwas/glob#bea32b9cd2d6f55753d94a28e959b13f0244797a"
  dependencies = [
    "github.com/gobwas/glob/util/runes 0.2.2",
    "github.com/gobwas/glob/util/strings 0.2.2"
  ]

[[packages]]
  name = "github.com/gobwas/glob/syntax"
  version = "0.2.2"
  release = "github.com/gobwas/glob#bea32b9cd2d6f55753d94a28e959b13f0244797a"
  dependencies = [
    "github.com/gobwas/glob/syntax/ast 0.2.2",
    "github.com/gobwas/glob/syntax/lexer 0.2.2"
  ]

[[packages]]
  name = "github.com/gobwas/glob/syntax/ast"
  version = "0.2.2"
  release = "github.com/gobwas/glob#bea32b9cd2d6f55753d94a28e959b13f0244797a"
  dependencies = [
    "github.com/gobwas/glob/syntax/lexer 0.2.2"
  ]

[[packages]]
  name = "github.com/gobwas/glob/syntax/lexer"
  version = "0.2.2"
  release = "github.com/gobwas/glob#bea32b9cd2d6f55753d94a28e959b13f0244797a"
  dependencies = [
    "github.com/gobwas/glob/util/runes 0.2.2"
  ]

[[packages]]
  name = "github.com/gobwas/glob/util/runes"
  version = "0.2.2"
  release = "github.com/gobwas/glob#bea32b9cd2d6f55753d94a28e959b13f0244797a"

[[packages]]
  name = "github.com/gobwas/glob/util/strings"
  version = "0.2.2"
  release = "github.com/gobwas/glob#bea32b9cd2d6f55753d94a28e959b13f0244797a"

[[packages]]
  name = "github.com/gonum/blas"
  version = "0.1.0-head.562+m37e82626499e1df7c54aeaba0959fd6e7e8dc1e4"
  release = "github.com/gonum/blas#37e82626499e1df7c54aeaba0959fd6e7e8dc1e4"

[[packages]]
  name = "github.com/gonum/blas/blas64"
  version = "0.1.0-head.562+m37e82626499e1df7c54aeaba0959fd6e7e8dc1e4"
  release = "github.com/gonum/blas#37e82626499e1df7c54aeaba0959fd6e7e8dc1e4"
  dependencies = [
    "github.com/gonum/blas 0.1.0-head.562+m37e82626499e1df7c54aeaba0959fd6e7e8dc1e4",
    "github.com/gonum/blas/native 0.1.0-head.562+m37e82626499e1df7c54aeaba0959fd6e7e8dc1e4"
  ]

[[packages]]
  name = "github.com/gonum/blas/native"
  version = "0.1.0-head.562+m37e82626499e1df7c54aeaba0959fd6e7e8dc1e4"
  release = "github.com/gonum/blas#37e82626499e1df7c54aeaba0959fd6e7e8dc1e4"
  dependencies = [
    "github.com/gonum/blas 0.1.0-head.562+m37e82626499e1df7c54aeaba0959fd6e7e8dc1e4",
    "github.com/gonum/blas/native/internal/math32 0.1.0-head.562+m37e82626499e1df7c54aeaba0959fd6e7e8dc1e4",
    "github.com/gonum/internal/asm/f32 0.1.0-head.205+me57e4534cf9b3b00ef6c0175f59d8d2d34f60914",
    "github.com/gonum/internal/asm/f64 0.1.0-head.205+me57e4534cf9b3b00ef6c0175f59d8d2d34f60914"
  ]

[[packages]]
  name = "github.com/gonum/blas/native/internal/math32"
  version = "0.1.0-head.562+m37e82626499e1df7c54aeaba0959fd6e7e8dc1e4"
  release = "github.com/gonum/blas#37e82626499e1df7c54aeaba0959fd6e7e8dc1e4"

[[packages]]
  name = "github.com/gonum/floats"
  version = "0.1.0-head.271+mf74b330d45c56584a6ea7a27f5c64ea2900631e9"
  release = "github.com/gonum/floats#f74b330d45c56584a6ea7a27f5c64ea2900631e9"
  dependencies = [
    "github.com/gonum/internal/asm/f64 0.1.0-head.205+me57e4534cf9b3b00ef6c0175f59d8d2d34f60914"
  ]

[[packages]]
  name = "github.com/gonum/graph"
  version = "0.1.0-head.681+m1ee3caba44244c8cf869cbec9a0079f8a1f2b1c0"
  release = "github.com/gonum/graph#1ee3caba44244c8cf869cbec9a0079f8a1f2b1c0"
  dependencies = [
    "golang.org/x/tools/container/intsets 0.1.0-head.2246+mf03b3350b7d6cb09e4221e7f2ecffaf41f89fce1"
  ]

[[packages]]
  name = "github.com/gonum/graph/internal/ordered"
  version = "0.1.0-head.681+m1ee3caba44244c8cf869cbec9a0079f8a1f2b1c0"
  release = "github.com/gonum/graph#1ee3caba44244c8cf869cbec9a0079f8a1f2b1c0"
  dependencies = [
    "github.com/gonum/graph 0.1.0-head.681+m1ee3caba44244c8cf869cbec9a0079f8a1f2b1c0"
  ]

[[packages]]
  name = "github.com/gonum/graph/simple"
  version = "0.1.0-head.681+m1ee3caba44244c8cf869cbec9a0079f8a1f2b1c0"
  release = "github.com/gonum/graph#1ee3caba44244c8cf869cbec9a0079f8a1f2b1c0"
  dependencies = [
    "github.com/gonum/graph 0.1.0-head.681+m1ee3caba44244c8cf869cbec9a0079f8a1f2b1c0",
    "github.com/gonum/graph/internal/ordered 0.1.0-head.681+m1ee3caba44244c8cf869cbec9a0079f8a1f2b1c0",
    "github.com/gonum/matrix/mat64 0.1.0-head.731+mdd6034299e4242c9f0ea36735e6d4264dfcb3f9f",
    "golang.org/x/tools/container/intsets 0.1.0-head.2246+mf03b3350b7d6cb09e4221e7f2ecffaf41f89fce1"
  ]

[[packages]]
  name = "github.com/gonum/internal/asm/f32"
  version = "0.1.0-head.205+me57e4534cf9b3b00ef6c0175f59d8d2d34f60914"
  release = "github.com/gonum/internal#e57e4534cf9b3b00ef6c0175f59d8d2d34f60914"

[[packages]]
  name = "github.com/gonum/internal/asm/f64"
  version = "0.1.0-head.205+me57e4534cf9b3b00ef6c0175f59d8d2d34f60914"
  release = "github.com/gonum/internal#e57e4534cf9b3b00ef6c0175f59d8d2d34f60914"

[[packages]]
  name = "github.com/gonum/lapack"
  version = "0.1.0-head.658+m5ed4b826becd1807e09377508f51756586d1a98c"
  release = "github.com/gonum/lapack#5ed4b826becd1807e09377508f51756586d1a98c"
  dependencies = [
    "github.com/gonum/blas 0.1.0-head.562+m37e82626499e1df7c54aeaba0959fd6e7e8dc1e4"
  ]

[[packages]]
  name = "github.com/gonum/lapack/lapack64"
  version = "0.1.0-head.658+m5ed4b826becd1807e09377508f51756586d1a98c"
  release = "github.com/gonum/lapack#5ed4b826becd1807e09377508f51756586d1a98c"
  dependencies = [
    "github.com/gonum/blas 0.1.0-head.562+m37e82626499e1df7c54aeaba0959fd6e7e8dc1e4",
    "github.com/gonum/blas/blas64 0.1.0-head.562+m37e82626499e1df7c54aeaba0959fd6e7e8dc1e4",
    "github.com/gonum/lapack 0.1.0-head.658+m5ed4b826becd1807e09377508f51756586d1a98c",
    "github.com/gonum/lapack/native 0.1.0-head.658+m5ed4b826becd1807e09377508f51756586d1a98c"
  ]

[[packages]]
  name = "github.com/gonum/lapack/native"
  version = "0.1.0-head.658+m5ed4b826becd1807e09377508f51756586d1a98c"
  release = "github.com/gonum/lapack#5ed4b826becd1807e09377508f51756586d1a98c"
  dependencies = [
    "github.com/gonum/blas 0.1.0-head.562+m37e82626499e1df7c54aeaba0959fd6e7e8dc1e4",
    "github.com/gonum/blas/blas64 0.1.0-head.562+m37e82626499e1df7c54aeaba0959fd6e7e8dc1e4",
    "github.com/gonum/lapack 0.1.0-head.658+m5ed4b826becd1807e09377508f51756586d1a98c"
  ]

[[packages]]
  name = "github.com/gonum/matrix"
  version = "0.1.0-head.731+mdd6034299e4242c9f0ea36735e6d4264dfcb3f9f"
  release = "github.com/gonum/matrix#dd6034299e4242c9f0ea36735e6d4264dfcb3f9f"
  dependencies = [
    "github.com/gonum/lapack 0.1.0-head.658+m5ed4b826becd1807e09377508f51756586d1a98c"
  ]

[[packages]]
  name = "github.com/gonum/matrix/mat64"
  version = "0.1.0-head.731+mdd6034299e4242c9f0ea36735e6d4264dfcb3f9f"
  release = "github.com/gonum/matrix#dd6034299e4242c9f0ea36735e6d4264dfcb3f9f"
  dependencies = [
    "github.com/gonum/blas 0.1.0-head.562+m37e82626499e1df7c54aeaba0959fd6e7e8dc1e4",
    "github.com/gonum/blas/blas64 0.1.0-head.562+m37e82626499e1df7c54aeaba0959fd6e7e8dc1e4",
    "github.com/gonum/floats 0.1.0-head.271+mf74b330d45c56584a6ea7a27f5c64ea2900631e9",
    "github.com/gonum/internal/asm/f64 0.1.0-head.205+me57e4534cf9b3b00ef6c0175f59d8d2d34f60914",
    "github.com/gonum/lapack 0.1.0-head.658+m5ed4b826becd1807e09377508f51756586d1a98c",
    "github.com/gonum/lapack/lapack64 0.1.0-head.658+m5ed4b826becd1807e09377508f51756586d1a98c",
    "github.com/gonum/matrix 0.1.0-head.731+mdd6034299e4242c9f0ea36735e6d4264dfcb3f9f"
  ]

[[packages]]
  name = "github.com/influxdata/toml"
  version = "0.1.0-head.49+m5d1d907f22ead1cd47adde17ceec5bda9cacaf8f"
  release = "github.com/influxdata/toml#5d1d907f22ead1cd47adde17ceec5bda9cacaf8f"
  dependencies = [
    "github.com/influxdata/toml/ast 0.1.0-head.49+m5d1d907f22ead1cd47adde17ceec5bda9cacaf8f",
    "github.com/naoina/go-stringutil 0.1.0"
  ]

[[packages]]
  name = "github.com/influxdata/toml/ast"
  version = "0.1.0-head.49+m5d1d907f22ead1cd47adde17ceec5bda9cacaf8f"
  release = "github.com/influxdata/toml#5d1d907f22ead1cd47adde17ceec5bda9cacaf8f"

[[packages]]
  name = "github.com/naoina/go-stringutil"
  version = "0.1.0"
  release = "github.com/naoina/go-stringutil#6b638e95a32d0c1131db0e7fe83775cbea4a0d0b"

[[packages]]
  name = "github.com/pkg/errors"
  version = "0.8.0"
  release = "github.com/pkg/errors#645ef00459ed84a119197bfb8d8205042c6df63d"

[[packages]]
  name = "github.com/satori/go.uuid"
  version = "1.1.0"
  release = "github.com/satori/go.uuid#879c5887cd475cd7864858769793b2ceb0d44feb"

[[packages]]
  name = "github.com/urfave/cli"
  version = "1.19.1"
  release = "github.com/urfave/cli#0bdeddeeb0f650497d603c4ad7b20cfe685682f6"

[[packages]]
  name = "golang.org/x/net/context"
  version = "0.1.0-head.1201+m090ebbdfc2aff44cc6674372b72e02e731f7f0ef"
  release = "golang.org/x/net#090ebbdfc2aff44cc6674372b72e02e731f7f0ef"

[[packages]]
  name = "golang.org/x/sync/errgroup"
  version = "0.1.0-head.17+mf52d1811a62927559de87708c8913c1650ce4f26"
  release = "golang.org/x/sync#f52d1811a62927559de87708c8913c1650ce4f26"
  dependencies = [
    "golang.org/x/net/context 0.1.0-head.1201+m090ebbdfc2aff44cc6674372b72e02e731f7f0ef"
  ]

[[packages]]
  name = "golang.org/x/sys/unix"
  version = "0.1.0-head.252+md8f5ea21b9295e315e612b4bcf4bedea93454d4d"
  release = "golang.org/x/sys#d8f5ea21b9295e315e612b4bcf4bedea93454d4d"

[[packages]]
  name = "golang.org/x/tools/container/intsets"
  version = "0.1.0-head.2246+mf03b3350b7d6cb09e4221e7f2ecffaf41f89fce1"
  release = "golang.org/x/tools#f03b3350b7d6cb09e4221e7f2ecffaf41f89fce1"

[[packages]]
  name = "gopkg.in/check.v1"
  version = "0.1.0-head.154+m20d25e2804050c1cd24a7eea1e7a6447dd0e74ec"
  release = "gopkg.in/check.v1#20d25e2804050c1cd24a7eea1e7a6447dd0e74ec"
