# AUTO-GENERATED: Do not modify
_lockFormatVersion = "0.1.0"

[project]
  name = "github.com/mdy/melody"
  version = "0.1.0"
  dependencies = [
    "github.com/BurntSushi/toml 0.2.1-head.20+m99064174e013895bbd9b025c31100bd1d9b590ca",
    "github.com/Sirupsen/logrus 0.11.0",
    "github.com/dustin/go-humanize 0.1.0-head.101+mbd88f87ad3a420f7bcf05e90566fd1ceb351fa7f",
    "github.com/gonum/graph 0.1.0-head.671+m310a92d978bfef671734001aa9ecabf25052afd8",
    "github.com/gonum/graph/simple 0.1.0-head.671+m310a92d978bfef671734001aa9ecabf25052afd8",
    "github.com/pkg/errors 0.8.1-head.2+m248dadf4e9068a0b3e79f02ed0a610d935de5302",
    "github.com/urfave/cli 1.18.1",
    "golang.org/x/sync/errgroup 0.1.0-head.6+m1ae7c7b29e06598039be46c5083819ba6fd7a97e",
    "gopkg.in/check.v1 0.1.0-head.151+m4f90aeace3a26ad7021961c297b22c42160c7b25"
  ]

[[packages]]
  name = "github.com/BurntSushi/toml"
  version = "0.2.1-head.20+m99064174e013895bbd9b025c31100bd1d9b590ca"
  release = "github.com/BurntSushi/toml#99064174e013895bbd9b025c31100bd1d9b590ca"

[[packages]]
  name = "github.com/Sirupsen/logrus"
  version = "0.11.0"
  release = "github.com/Sirupsen/logrus#d26492970760ca5d33129d2d799e34be5c4782eb"

[[packages]]
  name = "github.com/dustin/go-humanize"
  version = "0.1.0-head.101+mbd88f87ad3a420f7bcf05e90566fd1ceb351fa7f"
  release = "github.com/dustin/go-humanize#bd88f87ad3a420f7bcf05e90566fd1ceb351fa7f"

[[packages]]
  name = "github.com/gonum/blas"
  version = "0.1.0-head.550+mae153b67db9bc5e765798776fb211c9777cd3cc0"
  release = "github.com/gonum/blas#ae153b67db9bc5e765798776fb211c9777cd3cc0"

[[packages]]
  name = "github.com/gonum/blas/blas64"
  version = "0.1.0-head.550+mae153b67db9bc5e765798776fb211c9777cd3cc0"
  release = "github.com/gonum/blas#ae153b67db9bc5e765798776fb211c9777cd3cc0"
  dependencies = [
    "github.com/gonum/blas 0.1.0-head.550+mae153b67db9bc5e765798776fb211c9777cd3cc0",
    "github.com/gonum/blas/native 0.1.0-head.550+mae153b67db9bc5e765798776fb211c9777cd3cc0"
  ]

[[packages]]
  name = "github.com/gonum/blas/native"
  version = "0.1.0-head.550+mae153b67db9bc5e765798776fb211c9777cd3cc0"
  release = "github.com/gonum/blas#ae153b67db9bc5e765798776fb211c9777cd3cc0"
  dependencies = [
    "github.com/gonum/blas 0.1.0-head.550+mae153b67db9bc5e765798776fb211c9777cd3cc0",
    "github.com/gonum/blas/native/internal/math32 0.1.0-head.550+mae153b67db9bc5e765798776fb211c9777cd3cc0",
    "github.com/gonum/internal/asm 0.1.0-head.95+mbd2e27558441c2cc983b90fbf8a462b39e65e240"
  ]

[[packages]]
  name = "github.com/gonum/blas/native/internal/math32"
  version = "0.1.0-head.550+mae153b67db9bc5e765798776fb211c9777cd3cc0"
  release = "github.com/gonum/blas#ae153b67db9bc5e765798776fb211c9777cd3cc0"

[[packages]]
  name = "github.com/gonum/floats"
  version = "0.1.0-head.263+m69e84bedb455b879a901c5b8f45f5c99db9e3267"
  release = "github.com/gonum/floats#69e84bedb455b879a901c5b8f45f5c99db9e3267"
  dependencies = [
    "github.com/gonum/internal/asm 0.1.0-head.95+mbd2e27558441c2cc983b90fbf8a462b39e65e240"
  ]

[[packages]]
  name = "github.com/gonum/graph"
  version = "0.1.0-head.671+m310a92d978bfef671734001aa9ecabf25052afd8"
  release = "github.com/gonum/graph#310a92d978bfef671734001aa9ecabf25052afd8"
  dependencies = [
    "golang.org/x/tools/container/intsets 0.1.0-head.2008+m5061f921c7c3e66b68ad903adf57da380c327b8c"
  ]

[[packages]]
  name = "github.com/gonum/graph/internal/ordered"
  version = "0.1.0-head.671+m310a92d978bfef671734001aa9ecabf25052afd8"
  release = "github.com/gonum/graph#310a92d978bfef671734001aa9ecabf25052afd8"
  dependencies = [
    "github.com/gonum/graph 0.1.0-head.671+m310a92d978bfef671734001aa9ecabf25052afd8"
  ]

[[packages]]
  name = "github.com/gonum/graph/simple"
  version = "0.1.0-head.671+m310a92d978bfef671734001aa9ecabf25052afd8"
  release = "github.com/gonum/graph#310a92d978bfef671734001aa9ecabf25052afd8"
  dependencies = [
    "github.com/gonum/graph 0.1.0-head.671+m310a92d978bfef671734001aa9ecabf25052afd8",
    "github.com/gonum/graph/internal/ordered 0.1.0-head.671+m310a92d978bfef671734001aa9ecabf25052afd8",
    "github.com/gonum/matrix/mat64 0.1.0-head.697+mdbfe3ea464ecb7c5f04b9d1c042185ce9ed9fac1",
    "golang.org/x/tools/container/intsets 0.1.0-head.2008+m5061f921c7c3e66b68ad903adf57da380c327b8c"
  ]

[[packages]]
  name = "github.com/gonum/internal/asm"
  version = "0.1.0-head.95+mbd2e27558441c2cc983b90fbf8a462b39e65e240"
  release = "github.com/gonum/internal#bd2e27558441c2cc983b90fbf8a462b39e65e240"

[[packages]]
  name = "github.com/gonum/lapack"
  version = "0.1.0-head.512+mab9be2d0162b800028a0b89fff1087069f011c8a"
  release = "github.com/gonum/lapack#ab9be2d0162b800028a0b89fff1087069f011c8a"
  dependencies = [
    "github.com/gonum/blas 0.1.0-head.550+mae153b67db9bc5e765798776fb211c9777cd3cc0"
  ]

[[packages]]
  name = "github.com/gonum/lapack/lapack64"
  version = "0.1.0-head.512+mab9be2d0162b800028a0b89fff1087069f011c8a"
  release = "github.com/gonum/lapack#ab9be2d0162b800028a0b89fff1087069f011c8a"
  dependencies = [
    "github.com/gonum/blas 0.1.0-head.550+mae153b67db9bc5e765798776fb211c9777cd3cc0",
    "github.com/gonum/blas/blas64 0.1.0-head.550+mae153b67db9bc5e765798776fb211c9777cd3cc0",
    "github.com/gonum/lapack 0.1.0-head.512+mab9be2d0162b800028a0b89fff1087069f011c8a",
    "github.com/gonum/lapack/native 0.1.0-head.512+mab9be2d0162b800028a0b89fff1087069f011c8a"
  ]

[[packages]]
  name = "github.com/gonum/lapack/native"
  version = "0.1.0-head.512+mab9be2d0162b800028a0b89fff1087069f011c8a"
  release = "github.com/gonum/lapack#ab9be2d0162b800028a0b89fff1087069f011c8a"
  dependencies = [
    "github.com/gonum/blas 0.1.0-head.550+mae153b67db9bc5e765798776fb211c9777cd3cc0",
    "github.com/gonum/blas/blas64 0.1.0-head.550+mae153b67db9bc5e765798776fb211c9777cd3cc0",
    "github.com/gonum/lapack 0.1.0-head.512+mab9be2d0162b800028a0b89fff1087069f011c8a"
  ]

[[packages]]
  name = "github.com/gonum/matrix"
  version = "0.1.0-head.697+mdbfe3ea464ecb7c5f04b9d1c042185ce9ed9fac1"
  release = "github.com/gonum/matrix#dbfe3ea464ecb7c5f04b9d1c042185ce9ed9fac1"
  dependencies = [
    "github.com/gonum/lapack 0.1.0-head.512+mab9be2d0162b800028a0b89fff1087069f011c8a"
  ]

[[packages]]
  name = "github.com/gonum/matrix/mat64"
  version = "0.1.0-head.697+mdbfe3ea464ecb7c5f04b9d1c042185ce9ed9fac1"
  release = "github.com/gonum/matrix#dbfe3ea464ecb7c5f04b9d1c042185ce9ed9fac1"
  dependencies = [
    "github.com/gonum/blas 0.1.0-head.550+mae153b67db9bc5e765798776fb211c9777cd3cc0",
    "github.com/gonum/blas/blas64 0.1.0-head.550+mae153b67db9bc5e765798776fb211c9777cd3cc0",
    "github.com/gonum/floats 0.1.0-head.263+m69e84bedb455b879a901c5b8f45f5c99db9e3267",
    "github.com/gonum/internal/asm 0.1.0-head.95+mbd2e27558441c2cc983b90fbf8a462b39e65e240",
    "github.com/gonum/lapack 0.1.0-head.512+mab9be2d0162b800028a0b89fff1087069f011c8a",
    "github.com/gonum/lapack/lapack64 0.1.0-head.512+mab9be2d0162b800028a0b89fff1087069f011c8a",
    "github.com/gonum/matrix 0.1.0-head.697+mdbfe3ea464ecb7c5f04b9d1c042185ce9ed9fac1"
  ]

[[packages]]
  name = "github.com/pkg/errors"
  version = "0.8.1-head.2+m248dadf4e9068a0b3e79f02ed0a610d935de5302"
  release = "github.com/pkg/errors#248dadf4e9068a0b3e79f02ed0a610d935de5302"

[[packages]]
  name = "github.com/urfave/cli"
  version = "1.18.1"
  release = "github.com/urfave/cli#a14d7d367bc02b1f57d88de97926727f2d936387"

[[packages]]
  name = "golang.org/x/net/context"
  version = "0.1.0-head.1040+m0e2717dc3cc05907dc23096ef3a9086ea93f567f"
  release = "golang.org/x/net#0e2717dc3cc05907dc23096ef3a9086ea93f567f"

[[packages]]
  name = "golang.org/x/sync/errgroup"
  version = "0.1.0-head.6+m1ae7c7b29e06598039be46c5083819ba6fd7a97e"
  release = "golang.org/x/sync#1ae7c7b29e06598039be46c5083819ba6fd7a97e"
  dependencies = [
    "golang.org/x/net/context 0.1.0-head.1040+m0e2717dc3cc05907dc23096ef3a9086ea93f567f"
  ]

[[packages]]
  name = "golang.org/x/tools/container/intsets"
  version = "0.1.0-head.2008+m5061f921c7c3e66b68ad903adf57da380c327b8c"
  release = "golang.org/x/tools#5061f921c7c3e66b68ad903adf57da380c327b8c"

[[packages]]
  name = "gopkg.in/check.v1"
  version = "0.1.0-head.151+m4f90aeace3a26ad7021961c297b22c42160c7b25"
  release = "gopkg.in/check.v1#4f90aeace3a26ad7021961c297b22c42160c7b25"
